
Microsoft Visual Studio Solution File, Format Version 12.00
# Visual Studio Version 16
VisualStudioVersion = 16.0.30523.141
MinimumVisualStudioVersion = 10.0.40219.1
Project("{2150E333-8FDC-42A3-9474-1A3956D46DE8}") = "001-Presentation", "001-Presentation", "{EECCEFFF-D884-4D91-9B50-D2569E920F93}"
EndProject
Project("{2150E333-8FDC-42A3-9474-1A3956D46DE8}") = "002-Application", "002-Application", "{879A2EA0-CC79-4B60-B19C-C9EB4D2D86B2}"
EndProject
Project("{2150E333-8FDC-42A3-9474-1A3956D46DE8}") = "003-Domain", "003-Domain", "{BE95B0F0-750F-4DD8-B4FF-01FF0800ADA1}"
EndProject
Project("{2150E333-8FDC-42A3-9474-1A3956D46DE8}") = "004-Infra", "004-Infra", "{9131D04A-7891-4794-A333-1FA7DD6C014D}"
EndProject
Project("{2150E333-8FDC-42A3-9474-1A3956D46DE8}") = "005-Entities", "005-Entities", "{87F27EFC-9C46-47D2-922C-48084164C038}"
EndProject
Project("{FAE04EC0-301F-11D3-BF4B-00C04F79EFBC}") = "ApplicationApp", "ApplicationApp\ApplicationApp.csproj", "{32DD4056-E263-469E-9C25-05EAEC5D2A77}"
EndProject
Project("{FAE04EC0-301F-11D3-BF4B-00C04F79EFBC}") = "Domain", "Domain\Domain.csproj", "{87D75FA0-2B11-44EA-B928-632660CA62DE}"
EndProject
Project("{FAE04EC0-301F-11D3-BF4B-00C04F79EFBC}") = "Infrastructure", "Infrastructure\Infrastructure.csproj", "{DA745C17-DCBC-4E87-BC2E-7CF32F115F94}"
EndProject
Project("{FAE04EC0-301F-11D3-BF4B-00C04F79EFBC}") = "Entities", "Entities\Entities.csproj", "{326D2D50-534C-4A2A-AA8C-976CBE3D60F7}"
EndProject
Global
	GlobalSection(SolutionConfigurationPlatforms) = preSolution
		Debug|Any CPU = Debug|Any CPU
		Release|Any CPU = Release|Any CPU
	EndGlobalSection
	GlobalSection(ProjectConfigurationPlatforms) = postSolution
		{32DD4056-E263-469E-9C25-05EAEC5D2A77}.Debug|Any CPU.ActiveCfg = Debug|Any CPU
		{32DD4056-E263-469E-9C25-05EAEC5D2A77}.Debug|Any CPU.Build.0 = Debug|Any CPU
		{32DD4056-E263-469E-9C25-05EAEC5D2A77}.Release|Any CPU.ActiveCfg = Release|Any CPU
		{32DD4056-E263-469E-9C25-05EAEC5D2A77}.Release|Any CPU.Build.0 = Release|Any CPU
		{87D75FA0-2B11-44EA-B928-632660CA62DE}.Debug|Any CPU.ActiveCfg = Debug|Any CPU
		{87D75FA0-2B11-44EA-B928-632660CA62DE}.Debug|Any CPU.Build.0 = Debug|Any CPU
		{87D75FA0-2B11-44EA-B928-632660CA62DE}.Release|Any CPU.ActiveCfg = Release|Any CPU
		{87D75FA0-2B11-44EA-B928-632660CA62DE}.Release|Any CPU.Build.0 = Release|Any CPU
		{DA745C17-DCBC-4E87-BC2E-7CF32F115F94}.Debug|Any CPU.ActiveCfg = Debug|Any CPU
		{DA745C17-DCBC-4E87-BC2E-7CF32F115F94}.Debug|Any CPU.Build.0 = Debug|Any CPU
		{DA745C17-DCBC-4E87-BC2E-7CF32F115F94}.Release|Any CPU.ActiveCfg = Release|Any CPU
		{DA745C17-DCBC-4E87-BC2E-7CF32F115F94}.Release|Any CPU.Build.0 = Release|Any CPU
		{326D2D50-534C-4A2A-AA8C-976CBE3D60F7}.Debug|Any CPU.ActiveCfg = Debug|Any CPU
		{326D2D50-534C-4A2A-AA8C-976CBE3D60F7}.Debug|Any CPU.Build.0 = Debug|Any CPU
		{326D2D50-534C-4A2A-AA8C-976CBE3D60F7}.Release|Any CPU.ActiveCfg = Release|Any CPU
		{326D2D50-534C-4A2A-AA8C-976CBE3D60F7}.Release|Any CPU.Build.0 = Release|Any CPU
	EndGlobalSection
	GlobalSection(SolutionProperties) = preSolution
		HideSolutionNode = FALSE
	EndGlobalSection
	GlobalSection(NestedProjects) = preSolution
		{32DD4056-E263-469E-9C25-05EAEC5D2A77} = {879A2EA0-CC79-4B60-B19C-C9EB4D2D86B2}
		{87D75FA0-2B11-44EA-B928-632660CA62DE} = {BE95B0F0-750F-4DD8-B4FF-01FF0800ADA1}
		{DA745C17-DCBC-4E87-BC2E-7CF32F115F94} = {9131D04A-7891-4794-A333-1FA7DD6C014D}
		{326D2D50-534C-4A2A-AA8C-976CBE3D60F7} = {87F27EFC-9C46-47D2-922C-48084164C038}
	EndGlobalSection
	GlobalSection(ExtensibilityGlobals) = postSolution
		SolutionGuid = {1E140188-4A91-4419-929E-2FAB37418CF4}
	EndGlobalSection
EndGlobal
